
Microsoft Visual Studio Solution File, Format Version 12.00
# Visual Studio 15
VisualStudioVersion = 15.0.27428.2037
MinimumVisualStudioVersion = 10.0.40219.1
Project("{FAE04EC0-301F-11D3-BF4B-00C04F79EFBC}") = "LineCharge1", "LineCharge1\LineCharge1.csproj", "{D2CA1971-0F07-495E-84EE-B1C571C116B5}"
EndProject
Global
	GlobalSection(SolutionConfigurationPlatforms) = preSolution
		Debug|Any CPU = Debug|Any CPU
		Release|Any CPU = Release|Any CPU
	EndGlobalSection
	GlobalSection(ProjectConfigurationPlatforms) = postSolution
		{D2CA1971-0F07-495E-84EE-B1C571C116B5}.Debug|Any CPU.ActiveCfg = Debug|Any CPU
		{D2CA1971-0F07-495E-84EE-B1C571C116B5}.Debug|Any CPU.Build.0 = Debug|Any CPU
		{D2CA1971-0F07-495E-84EE-B1C571C116B5}.Release|Any CPU.ActiveCfg = Release|Any CPU
		{D2CA1971-0F07-495E-84EE-B1C571C116B5}.Release|Any CPU.Build.0 = Release|Any CPU
	EndGlobalSection
	GlobalSection(SolutionProperties) = preSolution
		HideSolutionNode = FALSE
	EndGlobalSection
	GlobalSection(ExtensibilityGlobals) = postSolution
		SolutionGuid = {48C1D9CA-4A2A-4065-94E3-6A152A78C979}
	EndGlobalSection
EndGlobal
